{
  "version": 4,
  "terraform_version": "1.6.6",
  "serial": 17,
  "lineage": "9a5e098f-7904-ae8a-a324-f44b930dc1a1",
  "outputs": {},
  "resources": [
    {
      "mode": "managed",
      "type": "google_compute_firewall",
      "name": "web",
      "provider": "provider[\"registry.terraform.io/hashicorp/google\"]",
      "instances": [
        {
          "schema_version": 1,
          "attributes": {
            "allow": [
              {
                "ports": [
                  "80",
                  "443"
                ],
                "protocol": "tcp"
              }
            ],
            "creation_timestamp": "2023-12-18T10:16:02.544-08:00",
            "deny": [],
            "description": "",
            "destination_ranges": [],
            "direction": "INGRESS",
            "disabled": false,
            "enable_logging": null,
            "id": "projects/duet-ai-401215/global/firewalls/default-allow-http",
            "log_config": [],
            "name": "default-allow-http",
            "network": "https://www.googleapis.com/compute/v1/projects/duet-ai-401215/global/networks/default",
            "priority": 1000,
            "project": "duet-ai-401215",
            "self_link": "https://www.googleapis.com/compute/v1/projects/duet-ai-401215/global/firewalls/default-allow-http",
            "source_ranges": [
              "0.0.0.0/0"
            ],
            "source_service_accounts": null,
            "source_tags": null,
            "target_service_accounts": null,
            "target_tags": null,
            "timeouts": null
          },
          "sensitive_attributes": [],
          "private": "eyJlMmJmYjczMC1lY2FhLTExZTYtOGY4OC0zNDM2M2JjN2M0YzAiOnsiY3JlYXRlIjoxMjAwMDAwMDAwMDAwLCJkZWxldGUiOjEyMDAwMDAwMDAwMDAsInVwZGF0ZSI6MTIwMDAwMDAwMDAwMH0sInNjaGVtYV92ZXJzaW9uIjoiMSJ9"
        }
      ]
    },
    {
      "mode": "managed",
      "type": "google_compute_instance",
      "name": "apachewebserver",
      "provider": "provider[\"registry.terraform.io/hashicorp/google\"]",
      "instances": [
        {
          "schema_version": 6,
          "attributes": {
            "advanced_machine_features": [],
            "allow_stopping_for_update": null,
            "attached_disk": [],
            "boot_disk": [
              {
                "auto_delete": true,
                "device_name": "websever-disk",
                "disk_encryption_key_raw": "",
                "disk_encryption_key_sha256": "",
                "initialize_params": [
                  {
                    "image": "https://www.googleapis.com/compute/v1/projects/debian-cloud/global/images/debian-11-bullseye-v20231212",
                    "labels": {},
                    "resource_manager_tags": null,
                    "size": 10,
                    "type": "pd-standard"
                  }
                ],
                "kms_key_self_link": "",
                "mode": "READ_WRITE",
                "source": "https://www.googleapis.com/compute/v1/projects/duet-ai-401215/zones/us-east5-a/disks/apachewebserver"
              }
            ],
            "can_ip_forward": false,
            "confidential_instance_config": [],
            "cpu_platform": "Intel Broadwell",
            "current_status": "RUNNING",
            "deletion_protection": false,
            "description": "",
            "desired_status": null,
            "effective_labels": {
              "goog-ec-src": "vm_add-tf",
              "goog-ops-agent-policy": "v2-x86-template-1-1-0"
            },
            "enable_display": false,
            "guest_accelerator": [],
            "hostname": "",
            "id": "projects/duet-ai-401215/zones/us-east5-a/instances/apachewebserver",
            "instance_id": "5943182194643907213",
            "label_fingerprint": "kJvZFkUc_Oo=",
            "labels": {
              "goog-ec-src": "vm_add-tf",
              "goog-ops-agent-policy": "v2-x86-template-1-1-0"
            },
            "machine_type": "e2-small",
            "metadata": {
              "enable-osconfig": "TRUE"
            },
            "metadata_fingerprint": "UuIOe1K_gsM=",
            "metadata_startup_script": "!/bin/bash\n\nsudo apt-get update \u0026\u0026 sudo apt -y install apache2\n\necho '\u003c!doctype html\u003e\u003chtml\u003e\u003cbody\u003e\u003ch1\u003eHello if you see this than you have apache running!\u003c/h1\u003e\u003c/body\u003e\u003c/html\u003e' | sudo tee /var/www/html/index.html",
            "min_cpu_platform": "",
            "name": "apachewebserver",
            "network_interface": [
              {
                "access_config": [
                  {
                    "nat_ip": "34.162.60.191",
                    "network_tier": "PREMIUM",
                    "public_ptr_domain_name": ""
                  }
                ],
                "alias_ip_range": [],
                "internal_ipv6_prefix_length": 0,
                "ipv6_access_config": [],
                "ipv6_access_type": "",
                "ipv6_address": "",
                "name": "nic0",
                "network": "https://www.googleapis.com/compute/v1/projects/duet-ai-401215/global/networks/default",
                "network_ip": "10.202.0.6",
                "nic_type": "",
                "queue_count": 0,
                "stack_type": "IPV4_ONLY",
                "subnetwork": "https://www.googleapis.com/compute/v1/projects/duet-ai-401215/regions/us-east5/subnetworks/default",
                "subnetwork_project": "duet-ai-401215"
              }
            ],
            "network_performance_config": [],
            "params": [],
            "project": "duet-ai-401215",
            "reservation_affinity": [],
            "resource_policies": null,
            "scheduling": [
              {
                "automatic_restart": true,
                "instance_termination_action": "",
                "local_ssd_recovery_timeout": [],
                "min_node_cpus": 0,
                "node_affinities": [],
                "on_host_maintenance": "MIGRATE",
                "preemptible": false,
                "provisioning_model": "STANDARD"
              }
            ],
            "scratch_disk": [],
            "self_link": "https://www.googleapis.com/compute/v1/projects/duet-ai-401215/zones/us-east5-a/instances/apachewebserver",
            "service_account": [
              {
                "email": "808662597607-compute@developer.gserviceaccount.com",
                "scopes": [
                  "https://www.googleapis.com/auth/devstorage.read_only",
                  "https://www.googleapis.com/auth/logging.write",
                  "https://www.googleapis.com/auth/monitoring.write",
                  "https://www.googleapis.com/auth/service.management.readonly",
                  "https://www.googleapis.com/auth/servicecontrol",
                  "https://www.googleapis.com/auth/trace.append"
                ]
              }
            ],
            "shielded_instance_config": [
              {
                "enable_integrity_monitoring": true,
                "enable_secure_boot": false,
                "enable_vtpm": true
              }
            ],
            "tags": [
              "http-server",
              "https-server"
            ],
            "tags_fingerprint": "6smc4R4d39I=",
            "terraform_labels": {
              "goog-ec-src": "vm_add-tf",
              "goog-ops-agent-policy": "v2-x86-template-1-1-0"
            },
            "timeouts": null,
            "zone": "us-east5-a"
          },
          "sensitive_attributes": [],
          "private": "eyJlMmJmYjczMC1lY2FhLTExZTYtOGY4OC0zNDM2M2JjN2M0YzAiOnsiY3JlYXRlIjoxMjAwMDAwMDAwMDAwLCJkZWxldGUiOjEyMDAwMDAwMDAwMDAsInVwZGF0ZSI6MTIwMDAwMDAwMDAwMH0sInNjaGVtYV92ZXJzaW9uIjoiNiJ9"
        }
      ]
    }
  ],
  "check_results": null
}
